
Microsoft Visual Studio Solution File, Format Version 12.00
# Visual Studio 2013
VisualStudioVersion = 12.0.21005.1
MinimumVisualStudioVersion = 10.0.40219.1
Project("{FAE04EC0-301F-11D3-BF4B-00C04F79EFBC}") = "BorderExpress.AutoImport.Web", "BorderExpress.AutoImport.Web\BorderExpress.AutoImport.Web.csproj", "{A486D96E-A832-404C-B899-A0532EDB208F}"
EndProject
Project("{FAE04EC0-301F-11D3-BF4B-00C04F79EFBC}") = "BorderExpress.AutoImport.Dal", "BorderExpress.AutoImport.Dal\BorderExpress.AutoImport.Dal.csproj", "{B9387E28-1FF6-4169-A9BB-FE24519DE5FF}"
EndProject
Project("{FAE04EC0-301F-11D3-BF4B-00C04F79EFBC}") = "BorderExpress.AutoImport.Core", "BorderExpress.AutoImport.Core\BorderExpress.AutoImport.Core.csproj", "{E11FE0A4-20D5-42A0-A2B8-2E386160E949}"
EndProject
Project("{FAE04EC0-301F-11D3-BF4B-00C04F79EFBC}") = "BorderExpress.AutoImport.Common", "BorderExpress.AutoImport.Common\BorderExpress.AutoImport.Common.csproj", "{33CEB789-2BE4-4D86-B3DA-449EAECFA179}"
EndProject
Project("{FAE04EC0-301F-11D3-BF4B-00C04F79EFBC}") = "BorderExpress.AutoImport.Tests", "BorderExpress.AutoImport.Tests\BorderExpress.AutoImport.Tests.csproj", "{7755A66D-B2DC-4650-B70E-AB208ED1C0BD}"
EndProject
Project("{2150E333-8FDC-42A3-9474-1A3956D46DE8}") = "DB Scripts", "DB Scripts", "{61F8BDFC-B4C5-4D2F-B239-6AC417C4A6FE}"
	ProjectSection(SolutionItems) = preProject
		DB Scripts\DataBase.sql = DB Scripts\DataBase.sql
		DB Scripts\MasterData.sql = DB Scripts\MasterData.sql
	EndProjectSection
EndProject
Project("{FAE04EC0-301F-11D3-BF4B-00C04F79EFBC}") = "BorderExpress.AutoImport.Models", "BorderExpress.AutoImport.Models\BorderExpress.AutoImport.Models.csproj", "{78A5BCBB-80DD-46ED-A02B-B2F492BE926E}"
EndProject
Global
	GlobalSection(SolutionConfigurationPlatforms) = preSolution
		Debug|Any CPU = Debug|Any CPU
		Release|Any CPU = Release|Any CPU
	EndGlobalSection
	GlobalSection(ProjectConfigurationPlatforms) = postSolution
		{A486D96E-A832-404C-B899-A0532EDB208F}.Debug|Any CPU.ActiveCfg = Debug|Any CPU
		{A486D96E-A832-404C-B899-A0532EDB208F}.Debug|Any CPU.Build.0 = Debug|Any CPU
		{A486D96E-A832-404C-B899-A0532EDB208F}.Release|Any CPU.ActiveCfg = Release|Any CPU
		{A486D96E-A832-404C-B899-A0532EDB208F}.Release|Any CPU.Build.0 = Release|Any CPU
		{B9387E28-1FF6-4169-A9BB-FE24519DE5FF}.Debug|Any CPU.ActiveCfg = Debug|Any CPU
		{B9387E28-1FF6-4169-A9BB-FE24519DE5FF}.Debug|Any CPU.Build.0 = Debug|Any CPU
		{B9387E28-1FF6-4169-A9BB-FE24519DE5FF}.Release|Any CPU.ActiveCfg = Release|Any CPU
		{B9387E28-1FF6-4169-A9BB-FE24519DE5FF}.Release|Any CPU.Build.0 = Release|Any CPU
		{E11FE0A4-20D5-42A0-A2B8-2E386160E949}.Debug|Any CPU.ActiveCfg = Debug|Any CPU
		{E11FE0A4-20D5-42A0-A2B8-2E386160E949}.Debug|Any CPU.Build.0 = Debug|Any CPU
		{E11FE0A4-20D5-42A0-A2B8-2E386160E949}.Release|Any CPU.ActiveCfg = Release|Any CPU
		{E11FE0A4-20D5-42A0-A2B8-2E386160E949}.Release|Any CPU.Build.0 = Release|Any CPU
		{33CEB789-2BE4-4D86-B3DA-449EAECFA179}.Debug|Any CPU.ActiveCfg = Debug|Any CPU
		{33CEB789-2BE4-4D86-B3DA-449EAECFA179}.Debug|Any CPU.Build.0 = Debug|Any CPU
		{33CEB789-2BE4-4D86-B3DA-449EAECFA179}.Release|Any CPU.ActiveCfg = Release|Any CPU
		{33CEB789-2BE4-4D86-B3DA-449EAECFA179}.Release|Any CPU.Build.0 = Release|Any CPU
		{7755A66D-B2DC-4650-B70E-AB208ED1C0BD}.Debug|Any CPU.ActiveCfg = Debug|Any CPU
		{7755A66D-B2DC-4650-B70E-AB208ED1C0BD}.Debug|Any CPU.Build.0 = Debug|Any CPU
		{7755A66D-B2DC-4650-B70E-AB208ED1C0BD}.Release|Any CPU.ActiveCfg = Release|Any CPU
		{7755A66D-B2DC-4650-B70E-AB208ED1C0BD}.Release|Any CPU.Build.0 = Release|Any CPU
		{78A5BCBB-80DD-46ED-A02B-B2F492BE926E}.Debug|Any CPU.ActiveCfg = Debug|Any CPU
		{78A5BCBB-80DD-46ED-A02B-B2F492BE926E}.Debug|Any CPU.Build.0 = Debug|Any CPU
		{78A5BCBB-80DD-46ED-A02B-B2F492BE926E}.Release|Any CPU.ActiveCfg = Release|Any CPU
		{78A5BCBB-80DD-46ED-A02B-B2F492BE926E}.Release|Any CPU.Build.0 = Release|Any CPU
	EndGlobalSection
	GlobalSection(SolutionProperties) = preSolution
		HideSolutionNode = FALSE
	EndGlobalSection
EndGlobal
